version = 1
revision = 3
requires-python = ">=3.13"

[[package]]
name = "doh-dot-best-host"
version = "0.1.0"
source = { virtual = "." }
dependencies = [
    { name = "ping3" },
]

[package.metadata]
requires-dist = [{ name = "ping3", specifier = ">=5.1.5" }]

[[package]]
name = "ping3"
version = "5.1.5"
source = { registry = "https://pypi.org/simple" }
sdist = { url = "https://files.pythonhosted.org/packages/0d/e5/702dfb79e74990585d502734065f8a1610d18473bbd4bd18e4058abe9dbc/ping3-5.1.5.tar.gz", hash = "sha256:6c99bc844e0b7dbc5c9765e8b530140daf1ccd2112c99db01ab79831bd8081cd", size = 19995, upload-time = "2025-08-10T16:07:30.582Z" }
wheels = [
    { url = "https://files.pythonhosted.org/packages/34/03/2580e349f6cab60865456db4b8984a50c91c98e88fc5055a3cd7c30485a5/ping3-5.1.5-py3-none-any.whl", hash = "sha256:9503164d054b87b01a6bd0df83a49c29e7c8427eb06940f874ebd4ed2d8ba8f6", size = 15945, upload-time = "2025-08-10T16:07:28.777Z" },
]
